
Microsoft Visual Studio Solution File, Format Version 12.00
# Visual Studio 15
Project("{FAE04EC0-301F-11D3-BF4B-00C04F79EFBC}") = "UnityEngine.TestRunner", "UnityEngine.TestRunner.csproj", "{85786589-C88A-5E15-2118-FDD8C4B910C1}"
EndProject
Project("{FAE04EC0-301F-11D3-BF4B-00C04F79EFBC}") = "Unity.VisualScripting.Flow", "Unity.VisualScripting.Flow.csproj", "{515A830C-BFC2-C289-069D-C7EB85C1C939}"
EndProject
Project("{FAE04EC0-301F-11D3-BF4B-00C04F79EFBC}") = "fps.Gameplay", "fps.Gameplay.csproj", "{284048E6-9530-009F-3185-DF8240D6C532}"
EndProject
Project("{FAE04EC0-301F-11D3-BF4B-00C04F79EFBC}") = "Unity.Mathematics", "Unity.Mathematics.csproj", "{BC53E60E-7759-CCC8-334B-0279ACFE0AF8}"
EndProject
Project("{FAE04EC0-301F-11D3-BF4B-00C04F79EFBC}") = "fps.UI", "fps.UI.csproj", "{F85AA9A0-ECD6-EA42-2068-704A2CFB7624}"
EndProject
Project("{FAE04EC0-301F-11D3-BF4B-00C04F79EFBC}") = "Unity.VisualScripting.State", "Unity.VisualScripting.State.csproj", "{FB30EA72-865D-316D-6166-27A948AF657F}"
EndProject
Project("{FAE04EC0-301F-11D3-BF4B-00C04F79EFBC}") = "Unity.VisualScripting.Core", "Unity.VisualScripting.Core.csproj", "{351001A9-A5CB-353C-8F64-45FC5AEC9CB5}"
EndProject
Project("{FAE04EC0-301F-11D3-BF4B-00C04F79EFBC}") = "Unity.Burst", "Unity.Burst.csproj", "{DF462771-6DC4-016D-B44E-EE2CBCF34156}"
EndProject
Project("{FAE04EC0-301F-11D3-BF4B-00C04F79EFBC}") = "Unity.TextMeshPro", "Unity.TextMeshPro.csproj", "{7AA44860-EBEB-1334-343B-DB55A5407E92}"
EndProject
Project("{FAE04EC0-301F-11D3-BF4B-00C04F79EFBC}") = "Unity.ProBuilder.Poly2Tri", "Unity.ProBuilder.Poly2Tri.csproj", "{7ED393AA-3CE7-7B2C-CDAC-794512126283}"
EndProject
Project("{FAE04EC0-301F-11D3-BF4B-00C04F79EFBC}") = "Unity.Timeline", "Unity.Timeline.csproj", "{81DB2DF8-0C5C-8B35-D553-0C8637E75BBB}"
EndProject
Project("{FAE04EC0-301F-11D3-BF4B-00C04F79EFBC}") = "Unity.ProBuilder", "Unity.ProBuilder.csproj", "{67B96A0C-24C7-6691-3504-71BB9036300B}"
EndProject
Project("{FAE04EC0-301F-11D3-BF4B-00C04F79EFBC}") = "fps.Game", "fps.Game.csproj", "{A0024609-8B8E-AC2D-E453-8EC3768B622F}"
EndProject
Project("{FAE04EC0-301F-11D3-BF4B-00C04F79EFBC}") = "fps.AI", "fps.AI.csproj", "{B2F52851-89DD-A084-61F5-3408CB3A5004}"
EndProject
Project("{FAE04EC0-301F-11D3-BF4B-00C04F79EFBC}") = "Assembly-CSharp", "Assembly-CSharp.csproj", "{0AB7A587-84DC-3887-A719-DB03EE7ADAA7}"
EndProject
Project("{FAE04EC0-301F-11D3-BF4B-00C04F79EFBC}") = "Unity.ProBuilder.Csg", "Unity.ProBuilder.Csg.csproj", "{2080BBC9-AD5D-F856-42D8-C7FF02B44448}"
EndProject
Project("{FAE04EC0-301F-11D3-BF4B-00C04F79EFBC}") = "Unity.ProBuilder.KdTree", "Unity.ProBuilder.KdTree.csproj", "{66A4F395-8609-B0E6-1E2D-48E4B05E426A}"
EndProject
Project("{FAE04EC0-301F-11D3-BF4B-00C04F79EFBC}") = "NavMeshComponents", "NavMeshComponents.csproj", "{F77DC6BB-C8D5-EDD0-D32A-FC87B17C76DE}"
EndProject
Project("{FAE04EC0-301F-11D3-BF4B-00C04F79EFBC}") = "Unity.FPS.Tutorials", "Unity.FPS.Tutorials.csproj", "{DB97708A-E5E3-8031-07D6-AD692DF9023E}"
EndProject
Project("{FAE04EC0-301F-11D3-BF4B-00C04F79EFBC}") = "Unity.Tutorials.Core", "Unity.Tutorials.Core.csproj", "{B04188F8-B528-0988-1F81-23925D81898F}"
EndProject
Project("{FAE04EC0-301F-11D3-BF4B-00C04F79EFBC}") = "Unity.ProBuilder.Stl", "Unity.ProBuilder.Stl.csproj", "{D52705E6-432D-C39A-2431-24C723E57C9E}"
EndProject
Project("{FAE04EC0-301F-11D3-BF4B-00C04F79EFBC}") = "Unity.Tutorials.Core.Editor", "Unity.Tutorials.Core.Editor.csproj", "{20478672-CD66-C13F-9C45-3262F98EA5E8}"
EndProject
Project("{FAE04EC0-301F-11D3-BF4B-00C04F79EFBC}") = "Unity.PlasticSCM.Editor", "Unity.PlasticSCM.Editor.csproj", "{E92EAFBC-0F5A-2902-907E-FBC93EA6B529}"
EndProject
Project("{FAE04EC0-301F-11D3-BF4B-00C04F79EFBC}") = "Unity.VisualScripting.Core.Editor", "Unity.VisualScripting.Core.Editor.csproj", "{80DE2AAD-F486-9ABA-0728-4CD5964431EA}"
EndProject
Project("{FAE04EC0-301F-11D3-BF4B-00C04F79EFBC}") = "Unity.VisualScripting.Flow.Editor", "Unity.VisualScripting.Flow.Editor.csproj", "{E83D3223-C330-ED98-DCED-24B24D380E40}"
EndProject
Project("{FAE04EC0-301F-11D3-BF4B-00C04F79EFBC}") = "Unity.VisualStudio.Editor", "Unity.VisualStudio.Editor.csproj", "{3A4444F7-402D-1441-F400-BC7D8CDB9837}"
EndProject
Project("{FAE04EC0-301F-11D3-BF4B-00C04F79EFBC}") = "Unity.ProBuilder.Editor", "Unity.ProBuilder.Editor.csproj", "{01E520A8-FA4A-0108-AC7D-463C7920F604}"
EndProject
Project("{FAE04EC0-301F-11D3-BF4B-00C04F79EFBC}") = "Unity.Timeline.Editor", "Unity.Timeline.Editor.csproj", "{E4097CE5-3263-03BF-8AF6-F2322555B392}"
EndProject
Project("{FAE04EC0-301F-11D3-BF4B-00C04F79EFBC}") = "Unity.VisualScripting.State.Editor", "Unity.VisualScripting.State.Editor.csproj", "{745B3C78-E183-C5CB-2C3C-2C1BEA1FF409}"
EndProject
Project("{FAE04EC0-301F-11D3-BF4B-00C04F79EFBC}") = "Unity.TextMeshPro.Editor", "Unity.TextMeshPro.Editor.csproj", "{6BFB5538-CF41-AEAE-FEED-D69DAE7057DC}"
EndProject
Project("{FAE04EC0-301F-11D3-BF4B-00C04F79EFBC}") = "Unity.VisualScripting.SettingsProvider.Editor", "Unity.VisualScripting.SettingsProvider.Editor.csproj", "{F752332A-1F39-5F33-B0B3-E085B1649A97}"
EndProject
Project("{FAE04EC0-301F-11D3-BF4B-00C04F79EFBC}") = "UnityEditor.TestRunner", "UnityEditor.TestRunner.csproj", "{1C3C35F6-5D34-058F-1DF8-7D8A16D7BFD4}"
EndProject
Project("{FAE04EC0-301F-11D3-BF4B-00C04F79EFBC}") = "Unity.TestTools.CodeCoverage.Editor", "Unity.TestTools.CodeCoverage.Editor.csproj", "{41B055E1-1A66-E799-71D3-58FD292246F7}"
EndProject
Project("{FAE04EC0-301F-11D3-BF4B-00C04F79EFBC}") = "Unity.Rider.Editor", "Unity.Rider.Editor.csproj", "{743AE09E-67B6-7F42-0459-CA9E8EF55DF5}"
EndProject
Project("{FAE04EC0-301F-11D3-BF4B-00C04F79EFBC}") = "Unity.InternalAPIEditorBridge.007", "Unity.InternalAPIEditorBridge.007.csproj", "{C7F260CB-8DFF-5768-E987-79373630BAA1}"
EndProject
Project("{FAE04EC0-301F-11D3-BF4B-00C04F79EFBC}") = "Unity.Performance.Profile-Analyzer.Editor", "Unity.Performance.Profile-Analyzer.Editor.csproj", "{B4437D27-81DB-3DC9-DB7C-A4EC1CA4A0DB}"
EndProject
Project("{FAE04EC0-301F-11D3-BF4B-00C04F79EFBC}") = "Unity.Searcher.Editor", "Unity.Searcher.Editor.csproj", "{3577AC1B-01FE-A470-D30F-2E8F6CBB17E8}"
EndProject
Project("{FAE04EC0-301F-11D3-BF4B-00C04F79EFBC}") = "Unity.Burst.CodeGen", "Unity.Burst.CodeGen.csproj", "{97E8EC38-D552-E28B-6CFC-3DD74F750794}"
EndProject
Project("{FAE04EC0-301F-11D3-BF4B-00C04F79EFBC}") = "Unity.VSCode.Editor", "Unity.VSCode.Editor.csproj", "{548B11F7-6378-F641-2B1C-F6F5E9E1FCBA}"
EndProject
Project("{FAE04EC0-301F-11D3-BF4B-00C04F79EFBC}") = "Unity.ProBuilder.AssetIdRemapUtility", "Unity.ProBuilder.AssetIdRemapUtility.csproj", "{9A669493-19E6-4543-09A0-07F229D3756A}"
EndProject
Project("{FAE04EC0-301F-11D3-BF4B-00C04F79EFBC}") = "Unity.TestTools.CodeCoverage.Editor.OpenCover.Model", "Unity.TestTools.CodeCoverage.Editor.OpenCover.Model.csproj", "{AC622EDD-AAA2-3828-E70D-214C8B6B8E42}"
EndProject
Project("{FAE04EC0-301F-11D3-BF4B-00C04F79EFBC}") = "Unity.Settings.Editor", "Unity.Settings.Editor.csproj", "{B9157329-785C-731A-2674-819D80D022D7}"
EndProject
Project("{FAE04EC0-301F-11D3-BF4B-00C04F79EFBC}") = "Unity.EditorCoroutines.Editor", "Unity.EditorCoroutines.Editor.csproj", "{A53D4E02-2859-D534-80AE-8112994B2534}"
EndProject
Project("{FAE04EC0-301F-11D3-BF4B-00C04F79EFBC}") = "Unity.CollabProxy.Editor", "Unity.CollabProxy.Editor.csproj", "{02D113A7-54A1-ACC2-F02F-54E210F0F2ED}"
EndProject
Project("{FAE04EC0-301F-11D3-BF4B-00C04F79EFBC}") = "Unity.Microgame.Tutorials", "Unity.Microgame.Tutorials.csproj", "{233586CD-00FB-B0C1-2B5B-94DAB2593808}"
EndProject
Project("{FAE04EC0-301F-11D3-BF4B-00C04F79EFBC}") = "Unity.Mathematics.Editor", "Unity.Mathematics.Editor.csproj", "{4608EF37-6C15-939A-8E65-2BDFEE15F4BF}"
EndProject
Project("{FAE04EC0-301F-11D3-BF4B-00C04F79EFBC}") = "Unity.Burst.Editor", "Unity.Burst.Editor.csproj", "{FBBECA62-50BF-77A7-357B-E08371E00DEF}"
EndProject
Project("{FAE04EC0-301F-11D3-BF4B-00C04F79EFBC}") = "fps.Editor", "fps.Editor.csproj", "{BB9778B8-CFEB-4D06-3EF5-4130D3F6CABF}"
EndProject
Project("{FAE04EC0-301F-11D3-BF4B-00C04F79EFBC}") = "Unity.InternalAPIEngineBridge.007", "Unity.InternalAPIEngineBridge.007.csproj", "{C235D3C0-2EE1-367B-CF2A-2E1CE9C556BC}"
EndProject
Project("{FAE04EC0-301F-11D3-BF4B-00C04F79EFBC}") = "Unity.Play.Publisher.Editor", "Unity.Play.Publisher.Editor.csproj", "{A5C82001-BB9F-357E-7706-E61843E0D850}"
EndProject
Project("{FAE04EC0-301F-11D3-BF4B-00C04F79EFBC}") = "Unity.InternalAPIEditorBridgeDev.001", "Unity.InternalAPIEditorBridgeDev.001.csproj", "{1D6950A6-92CC-EFF6-3566-68662D253746}"
EndProject
Project("{FAE04EC0-301F-11D3-BF4B-00C04F79EFBC}") = "Unity.TestTools.CodeCoverage.Editor.OpenCover.Mono.Reflection", "Unity.TestTools.CodeCoverage.Editor.OpenCover.Mono.Reflection.csproj", "{873AB32E-59E5-6303-3F95-ACEAE4DE877E}"
EndProject
Project("{FAE04EC0-301F-11D3-BF4B-00C04F79EFBC}") = "Unity.VisualScripting.Shared.Editor", "Unity.VisualScripting.Shared.Editor.csproj", "{B6AED407-A16A-6784-5D2D-77ACB40FBF33}"
EndProject
Project("{FAE04EC0-301F-11D3-BF4B-00C04F79EFBC}") = "NavMeshComponentsEditor", "NavMeshComponentsEditor.csproj", "{C5EBD3AE-2475-0A07-E3FB-A29FDFF8648A}"
EndProject
Project("{FAE04EC0-301F-11D3-BF4B-00C04F79EFBC}") = "Unity.ProBuilder.AddOns.Editor", "Unity.ProBuilder.AddOns.Editor.csproj", "{E3E23D7B-58B1-EB69-12DA-354EB78BDF52}"
EndProject
Project("{FAE04EC0-301F-11D3-BF4B-00C04F79EFBC}") = "Assembly-CSharp-Editor", "Assembly-CSharp-Editor.csproj", "{1B67CF1D-3E30-97EE-5A7F-4A4B8979EBCB}"
EndProject
Global
	GlobalSection(SolutionConfigurationPlatforms) = preSolution
		Debug|Any CPU = Debug|Any CPU
		Release|Any CPU = Release|Any CPU
	EndGlobalSection
	GlobalSection(ProjectConfigurationPlatforms) = postSolution
		{85786589-C88A-5E15-2118-FDD8C4B910C1}.Debug|Any CPU.ActiveCfg = Debug|Any CPU
		{85786589-C88A-5E15-2118-FDD8C4B910C1}.Debug|Any CPU.Build.0 = Debug|Any CPU
		{85786589-C88A-5E15-2118-FDD8C4B910C1}.Release|Any CPU.ActiveCfg = Release|Any CPU
		{85786589-C88A-5E15-2118-FDD8C4B910C1}.Release|Any CPU.Build.0 = Release|Any CPU
		{515A830C-BFC2-C289-069D-C7EB85C1C939}.Debug|Any CPU.ActiveCfg = Debug|Any CPU
		{515A830C-BFC2-C289-069D-C7EB85C1C939}.Debug|Any CPU.Build.0 = Debug|Any CPU
		{515A830C-BFC2-C289-069D-C7EB85C1C939}.Release|Any CPU.ActiveCfg = Release|Any CPU
		{515A830C-BFC2-C289-069D-C7EB85C1C939}.Release|Any CPU.Build.0 = Release|Any CPU
		{284048E6-9530-009F-3185-DF8240D6C532}.Debug|Any CPU.ActiveCfg = Debug|Any CPU
		{284048E6-9530-009F-3185-DF8240D6C532}.Debug|Any CPU.Build.0 = Debug|Any CPU
		{284048E6-9530-009F-3185-DF8240D6C532}.Release|Any CPU.ActiveCfg = Release|Any CPU
		{284048E6-9530-009F-3185-DF8240D6C532}.Release|Any CPU.Build.0 = Release|Any CPU
		{BC53E60E-7759-CCC8-334B-0279ACFE0AF8}.Debug|Any CPU.ActiveCfg = Debug|Any CPU
		{BC53E60E-7759-CCC8-334B-0279ACFE0AF8}.Debug|Any CPU.Build.0 = Debug|Any CPU
		{BC53E60E-7759-CCC8-334B-0279ACFE0AF8}.Release|Any CPU.ActiveCfg = Release|Any CPU
		{BC53E60E-7759-CCC8-334B-0279ACFE0AF8}.Release|Any CPU.Build.0 = Release|Any CPU
		{F85AA9A0-ECD6-EA42-2068-704A2CFB7624}.Debug|Any CPU.ActiveCfg = Debug|Any CPU
		{F85AA9A0-ECD6-EA42-2068-704A2CFB7624}.Debug|Any CPU.Build.0 = Debug|Any CPU
		{F85AA9A0-ECD6-EA42-2068-704A2CFB7624}.Release|Any CPU.ActiveCfg = Release|Any CPU
		{F85AA9A0-ECD6-EA42-2068-704A2CFB7624}.Release|Any CPU.Build.0 = Release|Any CPU
		{FB30EA72-865D-316D-6166-27A948AF657F}.Debug|Any CPU.ActiveCfg = Debug|Any CPU
		{FB30EA72-865D-316D-6166-27A948AF657F}.Debug|Any CPU.Build.0 = Debug|Any CPU
		{FB30EA72-865D-316D-6166-27A948AF657F}.Release|Any CPU.ActiveCfg = Release|Any CPU
		{FB30EA72-865D-316D-6166-27A948AF657F}.Release|Any CPU.Build.0 = Release|Any CPU
		{351001A9-A5CB-353C-8F64-45FC5AEC9CB5}.Debug|Any CPU.ActiveCfg = Debug|Any CPU
		{351001A9-A5CB-353C-8F64-45FC5AEC9CB5}.Debug|Any CPU.Build.0 = Debug|Any CPU
		{351001A9-A5CB-353C-8F64-45FC5AEC9CB5}.Release|Any CPU.ActiveCfg = Release|Any CPU
		{351001A9-A5CB-353C-8F64-45FC5AEC9CB5}.Release|Any CPU.Build.0 = Release|Any CPU
		{DF462771-6DC4-016D-B44E-EE2CBCF34156}.Debug|Any CPU.ActiveCfg = Debug|Any CPU
		{DF462771-6DC4-016D-B44E-EE2CBCF34156}.Debug|Any CPU.Build.0 = Debug|Any CPU
		{DF462771-6DC4-016D-B44E-EE2CBCF34156}.Release|Any CPU.ActiveCfg = Release|Any CPU
		{DF462771-6DC4-016D-B44E-EE2CBCF34156}.Release|Any CPU.Build.0 = Release|Any CPU
		{7AA44860-EBEB-1334-343B-DB55A5407E92}.Debug|Any CPU.ActiveCfg = Debug|Any CPU
		{7AA44860-EBEB-1334-343B-DB55A5407E92}.Debug|Any CPU.Build.0 = Debug|Any CPU
		{7AA44860-EBEB-1334-343B-DB55A5407E92}.Release|Any CPU.ActiveCfg = Release|Any CPU
		{7AA44860-EBEB-1334-343B-DB55A5407E92}.Release|Any CPU.Build.0 = Release|Any CPU
		{7ED393AA-3CE7-7B2C-CDAC-794512126283}.Debug|Any CPU.ActiveCfg = Debug|Any CPU
		{7ED393AA-3CE7-7B2C-CDAC-794512126283}.Debug|Any CPU.Build.0 = Debug|Any CPU
		{7ED393AA-3CE7-7B2C-CDAC-794512126283}.Release|Any CPU.ActiveCfg = Release|Any CPU
		{7ED393AA-3CE7-7B2C-CDAC-794512126283}.Release|Any CPU.Build.0 = Release|Any CPU
		{81DB2DF8-0C5C-8B35-D553-0C8637E75BBB}.Debug|Any CPU.ActiveCfg = Debug|Any CPU
		{81DB2DF8-0C5C-8B35-D553-0C8637E75BBB}.Debug|Any CPU.Build.0 = Debug|Any CPU
		{81DB2DF8-0C5C-8B35-D553-0C8637E75BBB}.Release|Any CPU.ActiveCfg = Release|Any CPU
		{81DB2DF8-0C5C-8B35-D553-0C8637E75BBB}.Release|Any CPU.Build.0 = Release|Any CPU
		{67B96A0C-24C7-6691-3504-71BB9036300B}.Debug|Any CPU.ActiveCfg = Debug|Any CPU
		{67B96A0C-24C7-6691-3504-71BB9036300B}.Debug|Any CPU.Build.0 = Debug|Any CPU
		{67B96A0C-24C7-6691-3504-71BB9036300B}.Release|Any CPU.ActiveCfg = Release|Any CPU
		{67B96A0C-24C7-6691-3504-71BB9036300B}.Release|Any CPU.Build.0 = Release|Any CPU
		{A0024609-8B8E-AC2D-E453-8EC3768B622F}.Debug|Any CPU.ActiveCfg = Debug|Any CPU
		{A0024609-8B8E-AC2D-E453-8EC3768B622F}.Debug|Any CPU.Build.0 = Debug|Any CPU
		{A0024609-8B8E-AC2D-E453-8EC3768B622F}.Release|Any CPU.ActiveCfg = Release|Any CPU
		{A0024609-8B8E-AC2D-E453-8EC3768B622F}.Release|Any CPU.Build.0 = Release|Any CPU
		{B2F52851-89DD-A084-61F5-3408CB3A5004}.Debug|Any CPU.ActiveCfg = Debug|Any CPU
		{B2F52851-89DD-A084-61F5-3408CB3A5004}.Debug|Any CPU.Build.0 = Debug|Any CPU
		{B2F52851-89DD-A084-61F5-3408CB3A5004}.Release|Any CPU.ActiveCfg = Release|Any CPU
		{B2F52851-89DD-A084-61F5-3408CB3A5004}.Release|Any CPU.Build.0 = Release|Any CPU
		{0AB7A587-84DC-3887-A719-DB03EE7ADAA7}.Debug|Any CPU.ActiveCfg = Debug|Any CPU
		{0AB7A587-84DC-3887-A719-DB03EE7ADAA7}.Debug|Any CPU.Build.0 = Debug|Any CPU
		{0AB7A587-84DC-3887-A719-DB03EE7ADAA7}.Release|Any CPU.ActiveCfg = Release|Any CPU
		{0AB7A587-84DC-3887-A719-DB03EE7ADAA7}.Release|Any CPU.Build.0 = Release|Any CPU
		{2080BBC9-AD5D-F856-42D8-C7FF02B44448}.Debug|Any CPU.ActiveCfg = Debug|Any CPU
		{2080BBC9-AD5D-F856-42D8-C7FF02B44448}.Debug|Any CPU.Build.0 = Debug|Any CPU
		{2080BBC9-AD5D-F856-42D8-C7FF02B44448}.Release|Any CPU.ActiveCfg = Release|Any CPU
		{2080BBC9-AD5D-F856-42D8-C7FF02B44448}.Release|Any CPU.Build.0 = Release|Any CPU
		{66A4F395-8609-B0E6-1E2D-48E4B05E426A}.Debug|Any CPU.ActiveCfg = Debug|Any CPU
		{66A4F395-8609-B0E6-1E2D-48E4B05E426A}.Debug|Any CPU.Build.0 = Debug|Any CPU
		{66A4F395-8609-B0E6-1E2D-48E4B05E426A}.Release|Any CPU.ActiveCfg = Release|Any CPU
		{66A4F395-8609-B0E6-1E2D-48E4B05E426A}.Release|Any CPU.Build.0 = Release|Any CPU
		{F77DC6BB-C8D5-EDD0-D32A-FC87B17C76DE}.Debug|Any CPU.ActiveCfg = Debug|Any CPU
		{F77DC6BB-C8D5-EDD0-D32A-FC87B17C76DE}.Debug|Any CPU.Build.0 = Debug|Any CPU
		{F77DC6BB-C8D5-EDD0-D32A-FC87B17C76DE}.Release|Any CPU.ActiveCfg = Release|Any CPU
		{F77DC6BB-C8D5-EDD0-D32A-FC87B17C76DE}.Release|Any CPU.Build.0 = Release|Any CPU
		{DB97708A-E5E3-8031-07D6-AD692DF9023E}.Debug|Any CPU.ActiveCfg = Debug|Any CPU
		{DB97708A-E5E3-8031-07D6-AD692DF9023E}.Debug|Any CPU.Build.0 = Debug|Any CPU
		{DB97708A-E5E3-8031-07D6-AD692DF9023E}.Release|Any CPU.ActiveCfg = Release|Any CPU
		{DB97708A-E5E3-8031-07D6-AD692DF9023E}.Release|Any CPU.Build.0 = Release|Any CPU
		{B04188F8-B528-0988-1F81-23925D81898F}.Debug|Any CPU.ActiveCfg = Debug|Any CPU
		{B04188F8-B528-0988-1F81-23925D81898F}.Debug|Any CPU.Build.0 = Debug|Any CPU
		{B04188F8-B528-0988-1F81-23925D81898F}.Release|Any CPU.ActiveCfg = Release|Any CPU
		{B04188F8-B528-0988-1F81-23925D81898F}.Release|Any CPU.Build.0 = Release|Any CPU
		{D52705E6-432D-C39A-2431-24C723E57C9E}.Debug|Any CPU.ActiveCfg = Debug|Any CPU
		{D52705E6-432D-C39A-2431-24C723E57C9E}.Debug|Any CPU.Build.0 = Debug|Any CPU
		{D52705E6-432D-C39A-2431-24C723E57C9E}.Release|Any CPU.ActiveCfg = Release|Any CPU
		{D52705E6-432D-C39A-2431-24C723E57C9E}.Release|Any CPU.Build.0 = Release|Any CPU
		{20478672-CD66-C13F-9C45-3262F98EA5E8}.Debug|Any CPU.ActiveCfg = Debug|Any CPU
		{20478672-CD66-C13F-9C45-3262F98EA5E8}.Debug|Any CPU.Build.0 = Debug|Any CPU
		{20478672-CD66-C13F-9C45-3262F98EA5E8}.Release|Any CPU.ActiveCfg = Release|Any CPU
		{20478672-CD66-C13F-9C45-3262F98EA5E8}.Release|Any CPU.Build.0 = Release|Any CPU
		{E92EAFBC-0F5A-2902-907E-FBC93EA6B529}.Debug|Any CPU.ActiveCfg = Debug|Any CPU
		{E92EAFBC-0F5A-2902-907E-FBC93EA6B529}.Debug|Any CPU.Build.0 = Debug|Any CPU
		{E92EAFBC-0F5A-2902-907E-FBC93EA6B529}.Release|Any CPU.ActiveCfg = Release|Any CPU
		{E92EAFBC-0F5A-2902-907E-FBC93EA6B529}.Release|Any CPU.Build.0 = Release|Any CPU
		{80DE2AAD-F486-9ABA-0728-4CD5964431EA}.Debug|Any CPU.ActiveCfg = Debug|Any CPU
		{80DE2AAD-F486-9ABA-0728-4CD5964431EA}.Debug|Any CPU.Build.0 = Debug|Any CPU
		{80DE2AAD-F486-9ABA-0728-4CD5964431EA}.Release|Any CPU.ActiveCfg = Release|Any CPU
		{80DE2AAD-F486-9ABA-0728-4CD5964431EA}.Release|Any CPU.Build.0 = Release|Any CPU
		{E83D3223-C330-ED98-DCED-24B24D380E40}.Debug|Any CPU.ActiveCfg = Debug|Any CPU
		{E83D3223-C330-ED98-DCED-24B24D380E40}.Debug|Any CPU.Build.0 = Debug|Any CPU
		{E83D3223-C330-ED98-DCED-24B24D380E40}.Release|Any CPU.ActiveCfg = Release|Any CPU
		{E83D3223-C330-ED98-DCED-24B24D380E40}.Release|Any CPU.Build.0 = Release|Any CPU
		{3A4444F7-402D-1441-F400-BC7D8CDB9837}.Debug|Any CPU.ActiveCfg = Debug|Any CPU
		{3A4444F7-402D-1441-F400-BC7D8CDB9837}.Debug|Any CPU.Build.0 = Debug|Any CPU
		{3A4444F7-402D-1441-F400-BC7D8CDB9837}.Release|Any CPU.ActiveCfg = Release|Any CPU
		{3A4444F7-402D-1441-F400-BC7D8CDB9837}.Release|Any CPU.Build.0 = Release|Any CPU
		{01E520A8-FA4A-0108-AC7D-463C7920F604}.Debug|Any CPU.ActiveCfg = Debug|Any CPU
		{01E520A8-FA4A-0108-AC7D-463C7920F604}.Debug|Any CPU.Build.0 = Debug|Any CPU
		{01E520A8-FA4A-0108-AC7D-463C7920F604}.Release|Any CPU.ActiveCfg = Release|Any CPU
		{01E520A8-FA4A-0108-AC7D-463C7920F604}.Release|Any CPU.Build.0 = Release|Any CPU
		{E4097CE5-3263-03BF-8AF6-F2322555B392}.Debug|Any CPU.ActiveCfg = Debug|Any CPU
		{E4097CE5-3263-03BF-8AF6-F2322555B392}.Debug|Any CPU.Build.0 = Debug|Any CPU
		{E4097CE5-3263-03BF-8AF6-F2322555B392}.Release|Any CPU.ActiveCfg = Release|Any CPU
		{E4097CE5-3263-03BF-8AF6-F2322555B392}.Release|Any CPU.Build.0 = Release|Any CPU
		{745B3C78-E183-C5CB-2C3C-2C1BEA1FF409}.Debug|Any CPU.ActiveCfg = Debug|Any CPU
		{745B3C78-E183-C5CB-2C3C-2C1BEA1FF409}.Debug|Any CPU.Build.0 = Debug|Any CPU
		{745B3C78-E183-C5CB-2C3C-2C1BEA1FF409}.Release|Any CPU.ActiveCfg = Release|Any CPU
		{745B3C78-E183-C5CB-2C3C-2C1BEA1FF409}.Release|Any CPU.Build.0 = Release|Any CPU
		{6BFB5538-CF41-AEAE-FEED-D69DAE7057DC}.Debug|Any CPU.ActiveCfg = Debug|Any CPU
		{6BFB5538-CF41-AEAE-FEED-D69DAE7057DC}.Debug|Any CPU.Build.0 = Debug|Any CPU
		{6BFB5538-CF41-AEAE-FEED-D69DAE7057DC}.Release|Any CPU.ActiveCfg = Release|Any CPU
		{6BFB5538-CF41-AEAE-FEED-D69DAE7057DC}.Release|Any CPU.Build.0 = Release|Any CPU
		{F752332A-1F39-5F33-B0B3-E085B1649A97}.Debug|Any CPU.ActiveCfg = Debug|Any CPU
		{F752332A-1F39-5F33-B0B3-E085B1649A97}.Debug|Any CPU.Build.0 = Debug|Any CPU
		{F752332A-1F39-5F33-B0B3-E085B1649A97}.Release|Any CPU.ActiveCfg = Release|Any CPU
		{F752332A-1F39-5F33-B0B3-E085B1649A97}.Release|Any CPU.Build.0 = Release|Any CPU
		{1C3C35F6-5D34-058F-1DF8-7D8A16D7BFD4}.Debug|Any CPU.ActiveCfg = Debug|Any CPU
		{1C3C35F6-5D34-058F-1DF8-7D8A16D7BFD4}.Debug|Any CPU.Build.0 = Debug|Any CPU
		{1C3C35F6-5D34-058F-1DF8-7D8A16D7BFD4}.Release|Any CPU.ActiveCfg = Release|Any CPU
		{1C3C35F6-5D34-058F-1DF8-7D8A16D7BFD4}.Release|Any CPU.Build.0 = Release|Any CPU
		{41B055E1-1A66-E799-71D3-58FD292246F7}.Debug|Any CPU.ActiveCfg = Debug|Any CPU
		{41B055E1-1A66-E799-71D3-58FD292246F7}.Debug|Any CPU.Build.0 = Debug|Any CPU
		{41B055E1-1A66-E799-71D3-58FD292246F7}.Release|Any CPU.ActiveCfg = Release|Any CPU
		{41B055E1-1A66-E799-71D3-58FD292246F7}.Release|Any CPU.Build.0 = Release|Any CPU
		{743AE09E-67B6-7F42-0459-CA9E8EF55DF5}.Debug|Any CPU.ActiveCfg = Debug|Any CPU
		{743AE09E-67B6-7F42-0459-CA9E8EF55DF5}.Debug|Any CPU.Build.0 = Debug|Any CPU
		{743AE09E-67B6-7F42-0459-CA9E8EF55DF5}.Release|Any CPU.ActiveCfg = Release|Any CPU
		{743AE09E-67B6-7F42-0459-CA9E8EF55DF5}.Release|Any CPU.Build.0 = Release|Any CPU
		{C7F260CB-8DFF-5768-E987-79373630BAA1}.Debug|Any CPU.ActiveCfg = Debug|Any CPU
		{C7F260CB-8DFF-5768-E987-79373630BAA1}.Debug|Any CPU.Build.0 = Debug|Any CPU
		{C7F260CB-8DFF-5768-E987-79373630BAA1}.Release|Any CPU.ActiveCfg = Release|Any CPU
		{C7F260CB-8DFF-5768-E987-79373630BAA1}.Release|Any CPU.Build.0 = Release|Any CPU
		{B4437D27-81DB-3DC9-DB7C-A4EC1CA4A0DB}.Debug|Any CPU.ActiveCfg = Debug|Any CPU
		{B4437D27-81DB-3DC9-DB7C-A4EC1CA4A0DB}.Debug|Any CPU.Build.0 = Debug|Any CPU
		{B4437D27-81DB-3DC9-DB7C-A4EC1CA4A0DB}.Release|Any CPU.ActiveCfg = Release|Any CPU
		{B4437D27-81DB-3DC9-DB7C-A4EC1CA4A0DB}.Release|Any CPU.Build.0 = Release|Any CPU
		{3577AC1B-01FE-A470-D30F-2E8F6CBB17E8}.Debug|Any CPU.ActiveCfg = Debug|Any CPU
		{3577AC1B-01FE-A470-D30F-2E8F6CBB17E8}.Debug|Any CPU.Build.0 = Debug|Any CPU
		{3577AC1B-01FE-A470-D30F-2E8F6CBB17E8}.Release|Any CPU.ActiveCfg = Release|Any CPU
		{3577AC1B-01FE-A470-D30F-2E8F6CBB17E8}.Release|Any CPU.Build.0 = Release|Any CPU
		{97E8EC38-D552-E28B-6CFC-3DD74F750794}.Debug|Any CPU.ActiveCfg = Debug|Any CPU
		{97E8EC38-D552-E28B-6CFC-3DD74F750794}.Debug|Any CPU.Build.0 = Debug|Any CPU
		{97E8EC38-D552-E28B-6CFC-3DD74F750794}.Release|Any CPU.ActiveCfg = Release|Any CPU
		{97E8EC38-D552-E28B-6CFC-3DD74F750794}.Release|Any CPU.Build.0 = Release|Any CPU
		{548B11F7-6378-F641-2B1C-F6F5E9E1FCBA}.Debug|Any CPU.ActiveCfg = Debug|Any CPU
		{548B11F7-6378-F641-2B1C-F6F5E9E1FCBA}.Debug|Any CPU.Build.0 = Debug|Any CPU
		{548B11F7-6378-F641-2B1C-F6F5E9E1FCBA}.Release|Any CPU.ActiveCfg = Release|Any CPU
		{548B11F7-6378-F641-2B1C-F6F5E9E1FCBA}.Release|Any CPU.Build.0 = Release|Any CPU
		{9A669493-19E6-4543-09A0-07F229D3756A}.Debug|Any CPU.ActiveCfg = Debug|Any CPU
		{9A669493-19E6-4543-09A0-07F229D3756A}.Debug|Any CPU.Build.0 = Debug|Any CPU
		{9A669493-19E6-4543-09A0-07F229D3756A}.Release|Any CPU.ActiveCfg = Release|Any CPU
		{9A669493-19E6-4543-09A0-07F229D3756A}.Release|Any CPU.Build.0 = Release|Any CPU
		{AC622EDD-AAA2-3828-E70D-214C8B6B8E42}.Debug|Any CPU.ActiveCfg = Debug|Any CPU
		{AC622EDD-AAA2-3828-E70D-214C8B6B8E42}.Debug|Any CPU.Build.0 = Debug|Any CPU
		{AC622EDD-AAA2-3828-E70D-214C8B6B8E42}.Release|Any CPU.ActiveCfg = Release|Any CPU
		{AC622EDD-AAA2-3828-E70D-214C8B6B8E42}.Release|Any CPU.Build.0 = Release|Any CPU
		{B9157329-785C-731A-2674-819D80D022D7}.Debug|Any CPU.ActiveCfg = Debug|Any CPU
		{B9157329-785C-731A-2674-819D80D022D7}.Debug|Any CPU.Build.0 = Debug|Any CPU
		{B9157329-785C-731A-2674-819D80D022D7}.Release|Any CPU.ActiveCfg = Release|Any CPU
		{B9157329-785C-731A-2674-819D80D022D7}.Release|Any CPU.Build.0 = Release|Any CPU
		{A53D4E02-2859-D534-80AE-8112994B2534}.Debug|Any CPU.ActiveCfg = Debug|Any CPU
		{A53D4E02-2859-D534-80AE-8112994B2534}.Debug|Any CPU.Build.0 = Debug|Any CPU
		{A53D4E02-2859-D534-80AE-8112994B2534}.Release|Any CPU.ActiveCfg = Release|Any CPU
		{A53D4E02-2859-D534-80AE-8112994B2534}.Release|Any CPU.Build.0 = Release|Any CPU
		{02D113A7-54A1-ACC2-F02F-54E210F0F2ED}.Debug|Any CPU.ActiveCfg = Debug|Any CPU
		{02D113A7-54A1-ACC2-F02F-54E210F0F2ED}.Debug|Any CPU.Build.0 = Debug|Any CPU
		{02D113A7-54A1-ACC2-F02F-54E210F0F2ED}.Release|Any CPU.ActiveCfg = Release|Any CPU
		{02D113A7-54A1-ACC2-F02F-54E210F0F2ED}.Release|Any CPU.Build.0 = Release|Any CPU
		{233586CD-00FB-B0C1-2B5B-94DAB2593808}.Debug|Any CPU.ActiveCfg = Debug|Any CPU
		{233586CD-00FB-B0C1-2B5B-94DAB2593808}.Debug|Any CPU.Build.0 = Debug|Any CPU
		{233586CD-00FB-B0C1-2B5B-94DAB2593808}.Release|Any CPU.ActiveCfg = Release|Any CPU
		{233586CD-00FB-B0C1-2B5B-94DAB2593808}.Release|Any CPU.Build.0 = Release|Any CPU
		{4608EF37-6C15-939A-8E65-2BDFEE15F4BF}.Debug|Any CPU.ActiveCfg = Debug|Any CPU
		{4608EF37-6C15-939A-8E65-2BDFEE15F4BF}.Debug|Any CPU.Build.0 = Debug|Any CPU
		{4608EF37-6C15-939A-8E65-2BDFEE15F4BF}.Release|Any CPU.ActiveCfg = Release|Any CPU
		{4608EF37-6C15-939A-8E65-2BDFEE15F4BF}.Release|Any CPU.Build.0 = Release|Any CPU
		{FBBECA62-50BF-77A7-357B-E08371E00DEF}.Debug|Any CPU.ActiveCfg = Debug|Any CPU
		{FBBECA62-50BF-77A7-357B-E08371E00DEF}.Debug|Any CPU.Build.0 = Debug|Any CPU
		{FBBECA62-50BF-77A7-357B-E08371E00DEF}.Release|Any CPU.ActiveCfg = Release|Any CPU
		{FBBECA62-50BF-77A7-357B-E08371E00DEF}.Release|Any CPU.Build.0 = Release|Any CPU
		{BB9778B8-CFEB-4D06-3EF5-4130D3F6CABF}.Debug|Any CPU.ActiveCfg = Debug|Any CPU
		{BB9778B8-CFEB-4D06-3EF5-4130D3F6CABF}.Debug|Any CPU.Build.0 = Debug|Any CPU
		{BB9778B8-CFEB-4D06-3EF5-4130D3F6CABF}.Release|Any CPU.ActiveCfg = Release|Any CPU
		{BB9778B8-CFEB-4D06-3EF5-4130D3F6CABF}.Release|Any CPU.Build.0 = Release|Any CPU
		{C235D3C0-2EE1-367B-CF2A-2E1CE9C556BC}.Debug|Any CPU.ActiveCfg = Debug|Any CPU
		{C235D3C0-2EE1-367B-CF2A-2E1CE9C556BC}.Debug|Any CPU.Build.0 = Debug|Any CPU
		{C235D3C0-2EE1-367B-CF2A-2E1CE9C556BC}.Release|Any CPU.ActiveCfg = Release|Any CPU
		{C235D3C0-2EE1-367B-CF2A-2E1CE9C556BC}.Release|Any CPU.Build.0 = Release|Any CPU
		{A5C82001-BB9F-357E-7706-E61843E0D850}.Debug|Any CPU.ActiveCfg = Debug|Any CPU
		{A5C82001-BB9F-357E-7706-E61843E0D850}.Debug|Any CPU.Build.0 = Debug|Any CPU
		{A5C82001-BB9F-357E-7706-E61843E0D850}.Release|Any CPU.ActiveCfg = Release|Any CPU
		{A5C82001-BB9F-357E-7706-E61843E0D850}.Release|Any CPU.Build.0 = Release|Any CPU
		{1D6950A6-92CC-EFF6-3566-68662D253746}.Debug|Any CPU.ActiveCfg = Debug|Any CPU
		{1D6950A6-92CC-EFF6-3566-68662D253746}.Debug|Any CPU.Build.0 = Debug|Any CPU
		{1D6950A6-92CC-EFF6-3566-68662D253746}.Release|Any CPU.ActiveCfg = Release|Any CPU
		{1D6950A6-92CC-EFF6-3566-68662D253746}.Release|Any CPU.Build.0 = Release|Any CPU
		{873AB32E-59E5-6303-3F95-ACEAE4DE877E}.Debug|Any CPU.ActiveCfg = Debug|Any CPU
		{873AB32E-59E5-6303-3F95-ACEAE4DE877E}.Debug|Any CPU.Build.0 = Debug|Any CPU
		{873AB32E-59E5-6303-3F95-ACEAE4DE877E}.Release|Any CPU.ActiveCfg = Release|Any CPU
		{873AB32E-59E5-6303-3F95-ACEAE4DE877E}.Release|Any CPU.Build.0 = Release|Any CPU
		{B6AED407-A16A-6784-5D2D-77ACB40FBF33}.Debug|Any CPU.ActiveCfg = Debug|Any CPU
		{B6AED407-A16A-6784-5D2D-77ACB40FBF33}.Debug|Any CPU.Build.0 = Debug|Any CPU
		{B6AED407-A16A-6784-5D2D-77ACB40FBF33}.Release|Any CPU.ActiveCfg = Release|Any CPU
		{B6AED407-A16A-6784-5D2D-77ACB40FBF33}.Release|Any CPU.Build.0 = Release|Any CPU
		{C5EBD3AE-2475-0A07-E3FB-A29FDFF8648A}.Debug|Any CPU.ActiveCfg = Debug|Any CPU
		{C5EBD3AE-2475-0A07-E3FB-A29FDFF8648A}.Debug|Any CPU.Build.0 = Debug|Any CPU
		{C5EBD3AE-2475-0A07-E3FB-A29FDFF8648A}.Release|Any CPU.ActiveCfg = Release|Any CPU
		{C5EBD3AE-2475-0A07-E3FB-A29FDFF8648A}.Release|Any CPU.Build.0 = Release|Any CPU
		{E3E23D7B-58B1-EB69-12DA-354EB78BDF52}.Debug|Any CPU.ActiveCfg = Debug|Any CPU
		{E3E23D7B-58B1-EB69-12DA-354EB78BDF52}.Debug|Any CPU.Build.0 = Debug|Any CPU
		{E3E23D7B-58B1-EB69-12DA-354EB78BDF52}.Release|Any CPU.ActiveCfg = Release|Any CPU
		{E3E23D7B-58B1-EB69-12DA-354EB78BDF52}.Release|Any CPU.Build.0 = Release|Any CPU
		{1B67CF1D-3E30-97EE-5A7F-4A4B8979EBCB}.Debug|Any CPU.ActiveCfg = Debug|Any CPU
		{1B67CF1D-3E30-97EE-5A7F-4A4B8979EBCB}.Debug|Any CPU.Build.0 = Debug|Any CPU
		{1B67CF1D-3E30-97EE-5A7F-4A4B8979EBCB}.Release|Any CPU.ActiveCfg = Release|Any CPU
		{1B67CF1D-3E30-97EE-5A7F-4A4B8979EBCB}.Release|Any CPU.Build.0 = Release|Any CPU
	EndGlobalSection
	GlobalSection(SolutionProperties) = preSolution
		HideSolutionNode = FALSE
	EndGlobalSection
EndGlobal
